
Microsoft Visual Studio Solution File, Format Version 12.00
# Visual Studio 2013
VisualStudioVersion = 12.0.20827.3
MinimumVisualStudioVersion = 10.0.40219.1
Project("{FAE04EC0-301F-11D3-BF4B-00C04F79EFBC}") = "ReportDataCollector", "ReportDataCollector\ReportDataCollector.csproj", "{737DAF0C-3061-4329-929F-7126828FD09B}"
EndProject
Project("{FAE04EC0-301F-11D3-BF4B-00C04F79EFBC}") = "ReportGenerator.Tests", "ReportGenerator.Tests\ReportGenerator.Tests.csproj", "{A30D2C7A-8BEA-4B89-A5E0-B97A0A451796}"
EndProject
Project("{FAE04EC0-301F-11D3-BF4B-00C04F79EFBC}") = "ReportGeneration", "ReportGeneration\ReportGeneration.csproj", "{F9DA507C-A2E5-478D-B9B9-FC0CAC5594D1}"
EndProject
Project("{E24C65DC-7377-472B-9ABA-BC803B73C61A}") = "Web", "http://localhost:6127", "{B581D84C-5D01-42E3-9782-8ACDF91F092A}"
	ProjectSection(WebsiteProperties) = preProject
		UseIISExpress = "true"
		TargetFrameworkMoniker = ".NETFramework,Version%3Dv4.5"
		ProjectReferences = "{F9DA507C-A2E5-478D-B9B9-FC0CAC5594D1}|ReportGeneration.dll;{737DAF0C-3061-4329-929F-7126828FD09B}|ReportDataCollector.dll;"
		Debug.AspNetCompiler.VirtualPath = "/localhost_6127"
		Debug.AspNetCompiler.PhysicalPath = "Web\"
		Debug.AspNetCompiler.TargetPath = "PrecompiledWeb\localhost_6127\"
		Debug.AspNetCompiler.Updateable = "true"
		Debug.AspNetCompiler.ForceOverwrite = "true"
		Debug.AspNetCompiler.FixedNames = "false"
		Debug.AspNetCompiler.Debug = "True"
		Release.AspNetCompiler.VirtualPath = "/localhost_6127"
		Release.AspNetCompiler.PhysicalPath = "Web\"
		Release.AspNetCompiler.TargetPath = "PrecompiledWeb\localhost_6127\"
		Release.AspNetCompiler.Updateable = "true"
		Release.AspNetCompiler.ForceOverwrite = "true"
		Release.AspNetCompiler.FixedNames = "false"
		Release.AspNetCompiler.Debug = "False"
		SlnRelativePath = "Web\"
		DefaultWebSiteLanguage = "Visual C#"
	EndProjectSection
EndProject
Global
	GlobalSection(SolutionConfigurationPlatforms) = preSolution
		Debug|Any CPU = Debug|Any CPU
		Debug|x86 = Debug|x86
		Release|Any CPU = Release|Any CPU
		Release|x86 = Release|x86
	EndGlobalSection
	GlobalSection(ProjectConfigurationPlatforms) = postSolution
		{737DAF0C-3061-4329-929F-7126828FD09B}.Debug|Any CPU.ActiveCfg = Debug|x86
		{737DAF0C-3061-4329-929F-7126828FD09B}.Debug|Any CPU.Build.0 = Debug|x86
		{737DAF0C-3061-4329-929F-7126828FD09B}.Debug|x86.ActiveCfg = Debug|x86
		{737DAF0C-3061-4329-929F-7126828FD09B}.Debug|x86.Build.0 = Debug|x86
		{737DAF0C-3061-4329-929F-7126828FD09B}.Release|Any CPU.ActiveCfg = Release|Any CPU
		{737DAF0C-3061-4329-929F-7126828FD09B}.Release|Any CPU.Build.0 = Release|Any CPU
		{737DAF0C-3061-4329-929F-7126828FD09B}.Release|x86.ActiveCfg = Release|x86
		{737DAF0C-3061-4329-929F-7126828FD09B}.Release|x86.Build.0 = Release|x86
		{A30D2C7A-8BEA-4B89-A5E0-B97A0A451796}.Debug|Any CPU.ActiveCfg = Debug|x86
		{A30D2C7A-8BEA-4B89-A5E0-B97A0A451796}.Debug|Any CPU.Build.0 = Debug|x86
		{A30D2C7A-8BEA-4B89-A5E0-B97A0A451796}.Debug|x86.ActiveCfg = Debug|x86
		{A30D2C7A-8BEA-4B89-A5E0-B97A0A451796}.Debug|x86.Build.0 = Debug|x86
		{A30D2C7A-8BEA-4B89-A5E0-B97A0A451796}.Release|Any CPU.ActiveCfg = Release|Any CPU
		{A30D2C7A-8BEA-4B89-A5E0-B97A0A451796}.Release|Any CPU.Build.0 = Release|Any CPU
		{A30D2C7A-8BEA-4B89-A5E0-B97A0A451796}.Release|x86.ActiveCfg = Release|x86
		{A30D2C7A-8BEA-4B89-A5E0-B97A0A451796}.Release|x86.Build.0 = Release|x86
		{F9DA507C-A2E5-478D-B9B9-FC0CAC5594D1}.Debug|Any CPU.ActiveCfg = Debug|Any CPU
		{F9DA507C-A2E5-478D-B9B9-FC0CAC5594D1}.Debug|Any CPU.Build.0 = Debug|Any CPU
		{F9DA507C-A2E5-478D-B9B9-FC0CAC5594D1}.Debug|x86.ActiveCfg = Debug|Any CPU
		{F9DA507C-A2E5-478D-B9B9-FC0CAC5594D1}.Release|Any CPU.ActiveCfg = Release|Any CPU
		{F9DA507C-A2E5-478D-B9B9-FC0CAC5594D1}.Release|Any CPU.Build.0 = Release|Any CPU
		{F9DA507C-A2E5-478D-B9B9-FC0CAC5594D1}.Release|x86.ActiveCfg = Release|Any CPU
		{B581D84C-5D01-42E3-9782-8ACDF91F092A}.Debug|Any CPU.ActiveCfg = Debug|Any CPU
		{B581D84C-5D01-42E3-9782-8ACDF91F092A}.Debug|Any CPU.Build.0 = Debug|Any CPU
		{B581D84C-5D01-42E3-9782-8ACDF91F092A}.Debug|x86.ActiveCfg = Debug|Any CPU
		{B581D84C-5D01-42E3-9782-8ACDF91F092A}.Release|Any CPU.ActiveCfg = Debug|Any CPU
		{B581D84C-5D01-42E3-9782-8ACDF91F092A}.Release|Any CPU.Build.0 = Debug|Any CPU
		{B581D84C-5D01-42E3-9782-8ACDF91F092A}.Release|x86.ActiveCfg = Debug|Any CPU
	EndGlobalSection
	GlobalSection(SolutionProperties) = preSolution
		HideSolutionNode = FALSE
	EndGlobalSection
EndGlobal
